
Microsoft Visual Studio Solution File, Format Version 12.00
# Visual Studio Version 17
VisualStudioVersion = 17.5.002.0
MinimumVisualStudioVersion = 10.0.40219.1
Project("{9A19103F-16F7-4668-BE54-9A1E7A4F7556}") = "IntegraBrasilApi", "IntegraBrasilApi\IntegraBrasilApi.csproj", "{815CF95A-7D2D-4584-865F-84723B80553B}"
EndProject
Global
	GlobalSection(SolutionConfigurationPlatforms) = preSolution
		Debug|Any CPU = Debug|Any CPU
		Release|Any CPU = Release|Any CPU
	EndGlobalSection
	GlobalSection(ProjectConfigurationPlatforms) = postSolution
		{815CF95A-7D2D-4584-865F-84723B80553B}.Debug|Any CPU.ActiveCfg = Debug|Any CPU
		{815CF95A-7D2D-4584-865F-84723B80553B}.Debug|Any CPU.Build.0 = Debug|Any CPU
		{815CF95A-7D2D-4584-865F-84723B80553B}.Release|Any CPU.ActiveCfg = Release|Any CPU
		{815CF95A-7D2D-4584-865F-84723B80553B}.Release|Any CPU.Build.0 = Release|Any CPU
	EndGlobalSection
	GlobalSection(SolutionProperties) = preSolution
		HideSolutionNode = FALSE
	EndGlobalSection
	GlobalSection(ExtensibilityGlobals) = postSolution
		SolutionGuid = {86549985-8F33-4F92-98C3-48A1DDC5282F}
	EndGlobalSection
EndGlobal
